
Microsoft Visual Studio Solution File, Format Version 12.00
# Visual Studio 14
VisualStudioVersion = 14.0.25420.1
MinimumVisualStudioVersion = 10.0.40219.1
Project("{FAE04EC0-301F-11D3-BF4B-00C04F79EFBC}") = "StyledTextBox.WebSite", "StyledTextBox.WebSite\StyledTextBox.WebSite.csproj", "{EBB256D0-610F-47A0-BBA2-0A54D22773C5}"
EndProject
Project("{FAE04EC0-301F-11D3-BF4B-00C04F79EFBC}") = "Jumoo.StyledTextbox", "Jumoo.StyledTextbox\Jumoo.StyledTextbox.csproj", "{C431FD1B-BA80-488C-AA89-E5180385A275}"
EndProject
Global
	GlobalSection(SolutionConfigurationPlatforms) = preSolution
		Debug|Any CPU = Debug|Any CPU
		Release|Any CPU = Release|Any CPU
	EndGlobalSection
	GlobalSection(ProjectConfigurationPlatforms) = postSolution
		{EBB256D0-610F-47A0-BBA2-0A54D22773C5}.Debug|Any CPU.ActiveCfg = Debug|Any CPU
		{EBB256D0-610F-47A0-BBA2-0A54D22773C5}.Debug|Any CPU.Build.0 = Debug|Any CPU
		{EBB256D0-610F-47A0-BBA2-0A54D22773C5}.Release|Any CPU.ActiveCfg = Release|Any CPU
		{EBB256D0-610F-47A0-BBA2-0A54D22773C5}.Release|Any CPU.Build.0 = Release|Any CPU
		{C431FD1B-BA80-488C-AA89-E5180385A275}.Debug|Any CPU.ActiveCfg = Debug|Any CPU
		{C431FD1B-BA80-488C-AA89-E5180385A275}.Debug|Any CPU.Build.0 = Debug|Any CPU
		{C431FD1B-BA80-488C-AA89-E5180385A275}.Release|Any CPU.ActiveCfg = Release|Any CPU
		{C431FD1B-BA80-488C-AA89-E5180385A275}.Release|Any CPU.Build.0 = Release|Any CPU
	EndGlobalSection
	GlobalSection(SolutionProperties) = preSolution
		HideSolutionNode = FALSE
	EndGlobalSection
EndGlobal
